
Microsoft Visual Studio Solution File, Format Version 12.00
# Visual Studio Version 17
VisualStudioVersion = 17.11.35219.272
MinimumVisualStudioVersion = 10.0.40219.1
Project("{FAE04EC0-301F-11D3-BF4B-00C04F79EFBC}") = "ChineseFamilyRestaurant", "ChineseFamilyRestaurant\ChineseFamilyRestaurant.csproj", "{37E766AB-BB91-46E2-B98F-35DD5CE77FDB}"
EndProject
Global
	GlobalSection(SolutionConfigurationPlatforms) = preSolution
		Debug|Any CPU = Debug|Any CPU
		Release|Any CPU = Release|Any CPU
	EndGlobalSection
	GlobalSection(ProjectConfigurationPlatforms) = postSolution
		{37E766AB-BB91-46E2-B98F-35DD5CE77FDB}.Debug|Any CPU.ActiveCfg = Debug|Any CPU
		{37E766AB-BB91-46E2-B98F-35DD5CE77FDB}.Debug|Any CPU.Build.0 = Debug|Any CPU
		{37E766AB-BB91-46E2-B98F-35DD5CE77FDB}.Release|Any CPU.ActiveCfg = Release|Any CPU
		{37E766AB-BB91-46E2-B98F-35DD5CE77FDB}.Release|Any CPU.Build.0 = Release|Any CPU
	EndGlobalSection
	GlobalSection(SolutionProperties) = preSolution
		HideSolutionNode = FALSE
	EndGlobalSection
	GlobalSection(ExtensibilityGlobals) = postSolution
		SolutionGuid = {BA0CE3D1-4D2E-4578-8DA9-964E463DD45B}
	EndGlobalSection
EndGlobal
